
Microsoft Visual Studio Solution File, Format Version 12.00
# Visual Studio Version 17
VisualStudioVersion = 17.5.33502.453
MinimumVisualStudioVersion = 10.0.40219.1
Project("{FAE04EC0-301F-11D3-BF4B-00C04F79EFBC}") = "NimapProject", "NimapProject\NimapProject.csproj", "{299497CA-9D45-4F2A-BC0E-2596D45EB6E5}"
EndProject
Global
	GlobalSection(SolutionConfigurationPlatforms) = preSolution
		Debug|Any CPU = Debug|Any CPU
		Release|Any CPU = Release|Any CPU
	EndGlobalSection
	GlobalSection(ProjectConfigurationPlatforms) = postSolution
		{299497CA-9D45-4F2A-BC0E-2596D45EB6E5}.Debug|Any CPU.ActiveCfg = Debug|Any CPU
		{299497CA-9D45-4F2A-BC0E-2596D45EB6E5}.Debug|Any CPU.Build.0 = Debug|Any CPU
		{299497CA-9D45-4F2A-BC0E-2596D45EB6E5}.Release|Any CPU.ActiveCfg = Release|Any CPU
		{299497CA-9D45-4F2A-BC0E-2596D45EB6E5}.Release|Any CPU.Build.0 = Release|Any CPU
	EndGlobalSection
	GlobalSection(SolutionProperties) = preSolution
		HideSolutionNode = FALSE
	EndGlobalSection
	GlobalSection(ExtensibilityGlobals) = postSolution
		SolutionGuid = {8A6B4AED-E4C1-429A-BFEA-1327B732C68D}
	EndGlobalSection
EndGlobal
